schema: '2.0'
stages:
  data_ingestion:
    cmd: python src/cnnClassifier/pipeline/stage_01_data_ingestion.py
    deps:
    - path: config/config.yaml
      hash: md5
      md5: bd7579eac591a82d9cdbd5707b802c58
      size: 790
    - path: src/cnnClassifier/pipeline/stage_01_data_ingestion.py
      hash: md5
      md5: 642a3cde3694b0c6d1abd610d7a868a8
      size: 932
    outs:
    - path: artifacts/data_ingestion/Chicken-fecal-images
      hash: md5
      md5: 9e1f8dd2eae3c29e9d635df89d438ae4.dir
      size: 12207807
      nfiles: 390
  prepare_base_model:
    cmd: python src/cnnClassifier/pipeline/stage_02_prepare_base_model.py
    deps:
    - path: config/config.yaml
      hash: md5
      md5: bd7579eac591a82d9cdbd5707b802c58
      size: 790
    - path: src/cnnClassifier/pipeline/stage_02_prepare_base_model.py
      hash: md5
      md5: 673f054feb06e54f4584dcd55f0ed3a7
      size: 974
    params:
      params.yaml:
        CLASSES: 2
        IMAGE_SIZE:
        - 224
        - 224
        - 3
        INCLUDE_TOP: false
        LEARNING_RATE: 0.01
        WEIGHTS: imagenet
    outs:
    - path: artifacts/prepare_base_model
      hash: md5
      md5: e810e5bb7434bf75acec4743de93e9b3.dir
      size: 118053368
      nfiles: 2
  training:
    cmd: python src/cnnClassifier/pipeline/stage_03_training.py
    deps:
    - path: artifacts/data_ingestion/Chicken-fecal-images
      hash: md5
      md5: 9e1f8dd2eae3c29e9d635df89d438ae4.dir
      size: 12207807
      nfiles: 390
    - path: artifacts/prepare_base_model
      hash: md5
      md5: e810e5bb7434bf75acec4743de93e9b3.dir
      size: 118053368
      nfiles: 2
    - path: config/config.yaml
      hash: md5
      md5: bd7579eac591a82d9cdbd5707b802c58
      size: 790
    - path: src/cnnClassifier/components/prepare_callbacks.py
      hash: md5
      md5: 609579c7bfeeba4ece376f68ac00adbf
      size: 984
    - path: src/cnnClassifier/pipeline/stage_03_training.py
      hash: md5
      md5: a533912158fa51d19f8534cdc446269a
      size: 1235
    params:
      params.yaml:
        AUGMENTATION: true
        BATCH_SIZE: 16
        EPOCHS: 5
        IMAGE_SIZE:
        - 224
        - 224
        - 3
    outs:
    - path: artifacts/training/model.h5
      hash: md5
      md5: a6e5834b2206b592fd02e5f54aa61051
      size: 59135136
  evaluation:
    cmd: python src/cnnClassifier/pipeline/stage_04_evaluation.py
    deps:
    - path: artifacts/data_ingestion/Chicken-fecal-images
      hash: md5
      md5: 9e1f8dd2eae3c29e9d635df89d438ae4.dir
      size: 12207807
      nfiles: 390
    - path: artifacts/training/model.h5
      hash: md5
      md5: a6e5834b2206b592fd02e5f54aa61051
      size: 59135136
    - path: config/config.yaml
      hash: md5
      md5: bd7579eac591a82d9cdbd5707b802c58
      size: 790
    - path: src/cnnClassifier/pipeline/stage_04_evaluation.py
      hash: md5
      md5: da8c2eabe67c6ca31dad34d2a8e84096
      size: 853
    params:
      params.yaml:
        BATCH_SIZE: 16
        IMAGE_SIZE:
        - 224
        - 224
        - 3
    outs:
    - path: scores.json
      hash: md5
      md5: 3fc530a63989d54c3bcaa98094c2b51c
      size: 70
